
Microsoft Visual Studio Solution File, Format Version 12.00
# Visual Studio Version 16
VisualStudioVersion = 16.0.29609.76
MinimumVisualStudioVersion = 10.0.40219.1
Project("{FAE04EC0-301F-11D3-BF4B-00C04F79EFBC}") = "RangeExtraction", "RangeExtraction\RangeExtraction.csproj", "{EE13B217-77AB-4F4A-8FD3-7ADA2E4E39DA}"
EndProject
Project("{FAE04EC0-301F-11D3-BF4B-00C04F79EFBC}") = "UnitTest.RangeExtraction", "UnitTest.RangeExtraction\UnitTest.RangeExtraction.csproj", "{3E8393F3-EFF9-4775-A052-20BB000AB1DD}"
EndProject
Global
	GlobalSection(SolutionConfigurationPlatforms) = preSolution
		Debug|Any CPU = Debug|Any CPU
		Release|Any CPU = Release|Any CPU
	EndGlobalSection
	GlobalSection(ProjectConfigurationPlatforms) = postSolution
		{EE13B217-77AB-4F4A-8FD3-7ADA2E4E39DA}.Debug|Any CPU.ActiveCfg = Debug|Any CPU
		{EE13B217-77AB-4F4A-8FD3-7ADA2E4E39DA}.Debug|Any CPU.Build.0 = Debug|Any CPU
		{EE13B217-77AB-4F4A-8FD3-7ADA2E4E39DA}.Release|Any CPU.ActiveCfg = Release|Any CPU
		{EE13B217-77AB-4F4A-8FD3-7ADA2E4E39DA}.Release|Any CPU.Build.0 = Release|Any CPU
		{3E8393F3-EFF9-4775-A052-20BB000AB1DD}.Debug|Any CPU.ActiveCfg = Debug|Any CPU
		{3E8393F3-EFF9-4775-A052-20BB000AB1DD}.Debug|Any CPU.Build.0 = Debug|Any CPU
		{3E8393F3-EFF9-4775-A052-20BB000AB1DD}.Release|Any CPU.ActiveCfg = Release|Any CPU
		{3E8393F3-EFF9-4775-A052-20BB000AB1DD}.Release|Any CPU.Build.0 = Release|Any CPU
	EndGlobalSection
	GlobalSection(SolutionProperties) = preSolution
		HideSolutionNode = FALSE
	EndGlobalSection
	GlobalSection(ExtensibilityGlobals) = postSolution
		SolutionGuid = {DDCA3850-6894-4737-A90D-BA586452B4F3}
	EndGlobalSection
EndGlobal
